
Microsoft Visual Studio Solution File, Format Version 12.00
# Visual Studio Version 17
VisualStudioVersion = 17.14.37216.2 d17.14
MinimumVisualStudioVersion = 10.0.40219.1
Project("{FAE04EC0-301F-11D3-BF4B-00C04F79EFBC}") = "VabelMitienditaEsc", "VabelMitienditaEsc.csproj", "{1AE88DA7-8347-4502-8F5C-A210D507D1D0}"
EndProject
Global
	GlobalSection(SolutionConfigurationPlatforms) = preSolution
		Debug|Any CPU = Debug|Any CPU
		Release|Any CPU = Release|Any CPU
	EndGlobalSection
	GlobalSection(ProjectConfigurationPlatforms) = postSolution
		{1AE88DA7-8347-4502-8F5C-A210D507D1D0}.Debug|Any CPU.ActiveCfg = Debug|Any CPU
		{1AE88DA7-8347-4502-8F5C-A210D507D1D0}.Debug|Any CPU.Build.0 = Debug|Any CPU
		{1AE88DA7-8347-4502-8F5C-A210D507D1D0}.Release|Any CPU.ActiveCfg = Release|Any CPU
		{1AE88DA7-8347-4502-8F5C-A210D507D1D0}.Release|Any CPU.Build.0 = Release|Any CPU
	EndGlobalSection
	GlobalSection(SolutionProperties) = preSolution
		HideSolutionNode = FALSE
	EndGlobalSection
	GlobalSection(ExtensibilityGlobals) = postSolution
		SolutionGuid = {833FD60D-2127-4F04-8B67-D6E48E111FA8}
	EndGlobalSection
EndGlobal
